
Microsoft Visual Studio Solution File, Format Version 12.00
# Visual Studio Version 17
VisualStudioVersion = 17.8.34330.188
MinimumVisualStudioVersion = 10.0.40219.1
Project("{FAE04EC0-301F-11D3-BF4B-00C04F79EFBC}") = "VoiceRecorder.UWP", "VoiceRecorder\VoiceRecorder.UWP\VoiceRecorder.UWP.csproj", "{53D4F283-9610-40ED-B859-0E3D2E83BC93}"
EndProject
Project("{FAE04EC0-301F-11D3-BF4B-00C04F79EFBC}") = "VoiceRecorder.Android", "VoiceRecorder\VoiceRecorder.Android\VoiceRecorder.Android.csproj", "{09E12477-CBCB-4AE8-8EEC-B323303C81A8}"
EndProject
Project("{FAE04EC0-301F-11D3-BF4B-00C04F79EFBC}") = "VoiceRecorder.iOS", "VoiceRecorder\VoiceRecorder.iOS\VoiceRecorder.iOS.csproj", "{C9688836-6FE7-408A-BBEE-E7417A92B7E9}"
EndProject
Project("{FAE04EC0-301F-11D3-BF4B-00C04F79EFBC}") = "VoiceRecorder", "VoiceRecorder\VoiceRecorder\VoiceRecorder.csproj", "{F763D21F-1FF5-4E42-AEA0-9E1E506CD7E5}"
EndProject
Global
	GlobalSection(SolutionConfigurationPlatforms) = preSolution
		Debug|Any CPU = Debug|Any CPU
		Debug|ARM = Debug|ARM
		Debug|iPhone = Debug|iPhone
		Debug|iPhoneSimulator = Debug|iPhoneSimulator
		Debug|x64 = Debug|x64
		Debug|x86 = Debug|x86
		Release|Any CPU = Release|Any CPU
		Release|ARM = Release|ARM
		Release|iPhone = Release|iPhone
		Release|iPhoneSimulator = Release|iPhoneSimulator
		Release|x64 = Release|x64
		Release|x86 = Release|x86
	EndGlobalSection
	GlobalSection(ProjectConfigurationPlatforms) = postSolution
		{53D4F283-9610-40ED-B859-0E3D2E83BC93}.Debug|Any CPU.ActiveCfg = Debug|x64
		{53D4F283-9610-40ED-B859-0E3D2E83BC93}.Debug|Any CPU.Build.0 = Debug|x64
		{53D4F283-9610-40ED-B859-0E3D2E83BC93}.Debug|Any CPU.Deploy.0 = Debug|x64
		{53D4F283-9610-40ED-B859-0E3D2E83BC93}.Debug|ARM.ActiveCfg = Debug|ARM
		{53D4F283-9610-40ED-B859-0E3D2E83BC93}.Debug|ARM.Build.0 = Debug|ARM
		{53D4F283-9610-40ED-B859-0E3D2E83BC93}.Debug|ARM.Deploy.0 = Debug|ARM
		{53D4F283-9610-40ED-B859-0E3D2E83BC93}.Debug|iPhone.ActiveCfg = Debug|x64
		{53D4F283-9610-40ED-B859-0E3D2E83BC93}.Debug|iPhone.Build.0 = Debug|x64
		{53D4F283-9610-40ED-B859-0E3D2E83BC93}.Debug|iPhone.Deploy.0 = Debug|x64
		{53D4F283-9610-40ED-B859-0E3D2E83BC93}.Debug|iPhoneSimulator.ActiveCfg = Debug|x64
		{53D4F283-9610-40ED-B859-0E3D2E83BC93}.Debug|iPhoneSimulator.Build.0 = Debug|x64
		{53D4F283-9610-40ED-B859-0E3D2E83BC93}.Debug|iPhoneSimulator.Deploy.0 = Debug|x64
		{53D4F283-9610-40ED-B859-0E3D2E83BC93}.Debug|x64.ActiveCfg = Debug|x64
		{53D4F283-9610-40ED-B859-0E3D2E83BC93}.Debug|x64.Build.0 = Debug|x64
		{53D4F283-9610-40ED-B859-0E3D2E83BC93}.Debug|x64.Deploy.0 = Debug|x64
		{53D4F283-9610-40ED-B859-0E3D2E83BC93}.Debug|x86.ActiveCfg = Debug|x86
		{53D4F283-9610-40ED-B859-0E3D2E83BC93}.Debug|x86.Build.0 = Debug|x86
		{53D4F283-9610-40ED-B859-0E3D2E83BC93}.Debug|x86.Deploy.0 = Debug|x86
		{53D4F283-9610-40ED-B859-0E3D2E83BC93}.Release|Any CPU.ActiveCfg = Release|x64
		{53D4F283-9610-40ED-B859-0E3D2E83BC93}.Release|Any CPU.Build.0 = Release|x64
		{53D4F283-9610-40ED-B859-0E3D2E83BC93}.Release|Any CPU.Deploy.0 = Release|x64
		{53D4F283-9610-40ED-B859-0E3D2E83BC93}.Release|ARM.ActiveCfg = Release|ARM
		{53D4F283-9610-40ED-B859-0E3D2E83BC93}.Release|ARM.Build.0 = Release|ARM
		{53D4F283-9610-40ED-B859-0E3D2E83BC93}.Release|ARM.Deploy.0 = Release|ARM
		{53D4F283-9610-40ED-B859-0E3D2E83BC93}.Release|iPhone.ActiveCfg = Release|x64
		{53D4F283-9610-40ED-B859-0E3D2E83BC93}.Release|iPhone.Build.0 = Release|x64
		{53D4F283-9610-40ED-B859-0E3D2E83BC93}.Release|iPhone.Deploy.0 = Release|x64
		{53D4F283-9610-40ED-B859-0E3D2E83BC93}.Release|iPhoneSimulator.ActiveCfg = Release|x64
		{53D4F283-9610-40ED-B859-0E3D2E83BC93}.Release|iPhoneSimulator.Build.0 = Release|x64
		{53D4F283-9610-40ED-B859-0E3D2E83BC93}.Release|iPhoneSimulator.Deploy.0 = Release|x64
		{53D4F283-9610-40ED-B859-0E3D2E83BC93}.Release|x64.ActiveCfg = Release|x64
		{53D4F283-9610-40ED-B859-0E3D2E83BC93}.Release|x64.Build.0 = Release|x64
		{53D4F283-9610-40ED-B859-0E3D2E83BC93}.Release|x64.Deploy.0 = Release|x64
		{53D4F283-9610-40ED-B859-0E3D2E83BC93}.Release|x86.ActiveCfg = Release|x86
		{53D4F283-9610-40ED-B859-0E3D2E83BC93}.Release|x86.Build.0 = Release|x86
		{53D4F283-9610-40ED-B859-0E3D2E83BC93}.Release|x86.Deploy.0 = Release|x86
		{09E12477-CBCB-4AE8-8EEC-B323303C81A8}.Debug|Any CPU.ActiveCfg = Debug|Any CPU
		{09E12477-CBCB-4AE8-8EEC-B323303C81A8}.Debug|Any CPU.Build.0 = Debug|Any CPU
		{09E12477-CBCB-4AE8-8EEC-B323303C81A8}.Debug|Any CPU.Deploy.0 = Debug|Any CPU
		{09E12477-CBCB-4AE8-8EEC-B323303C81A8}.Debug|ARM.ActiveCfg = Debug|Any CPU
		{09E12477-CBCB-4AE8-8EEC-B323303C81A8}.Debug|ARM.Build.0 = Debug|Any CPU
		{09E12477-CBCB-4AE8-8EEC-B323303C81A8}.Debug|ARM.Deploy.0 = Debug|Any CPU
		{09E12477-CBCB-4AE8-8EEC-B323303C81A8}.Debug|iPhone.ActiveCfg = Debug|Any CPU
		{09E12477-CBCB-4AE8-8EEC-B323303C81A8}.Debug|iPhone.Build.0 = Debug|Any CPU
		{09E12477-CBCB-4AE8-8EEC-B323303C81A8}.Debug|iPhone.Deploy.0 = Debug|Any CPU
		{09E12477-CBCB-4AE8-8EEC-B323303C81A8}.Debug|iPhoneSimulator.ActiveCfg = Debug|Any CPU
		{09E12477-CBCB-4AE8-8EEC-B323303C81A8}.Debug|iPhoneSimulator.Build.0 = Debug|Any CPU
		{09E12477-CBCB-4AE8-8EEC-B323303C81A8}.Debug|iPhoneSimulator.Deploy.0 = Debug|Any CPU
		{09E12477-CBCB-4AE8-8EEC-B323303C81A8}.Debug|x64.ActiveCfg = Debug|Any CPU
		{09E12477-CBCB-4AE8-8EEC-B323303C81A8}.Debug|x64.Build.0 = Debug|Any CPU
		{09E12477-CBCB-4AE8-8EEC-B323303C81A8}.Debug|x64.Deploy.0 = Debug|Any CPU
		{09E12477-CBCB-4AE8-8EEC-B323303C81A8}.Debug|x86.ActiveCfg = Debug|Any CPU
		{09E12477-CBCB-4AE8-8EEC-B323303C81A8}.Debug|x86.Build.0 = Debug|Any CPU
		{09E12477-CBCB-4AE8-8EEC-B323303C81A8}.Debug|x86.Deploy.0 = Debug|Any CPU
		{09E12477-CBCB-4AE8-8EEC-B323303C81A8}.Release|Any CPU.ActiveCfg = Release|Any CPU
		{09E12477-CBCB-4AE8-8EEC-B323303C81A8}.Release|Any CPU.Build.0 = Release|Any CPU
		{09E12477-CBCB-4AE8-8EEC-B323303C81A8}.Release|Any CPU.Deploy.0 = Release|Any CPU
		{09E12477-CBCB-4AE8-8EEC-B323303C81A8}.Release|ARM.ActiveCfg = Release|Any CPU
		{09E12477-CBCB-4AE8-8EEC-B323303C81A8}.Release|ARM.Build.0 = Release|Any CPU
		{09E12477-CBCB-4AE8-8EEC-B323303C81A8}.Release|ARM.Deploy.0 = Release|Any CPU
		{09E12477-CBCB-4AE8-8EEC-B323303C81A8}.Release|iPhone.ActiveCfg = Release|Any CPU
		{09E12477-CBCB-4AE8-8EEC-B323303C81A8}.Release|iPhone.Build.0 = Release|Any CPU
		{09E12477-CBCB-4AE8-8EEC-B323303C81A8}.Release|iPhone.Deploy.0 = Release|Any CPU
		{09E12477-CBCB-4AE8-8EEC-B323303C81A8}.Release|iPhoneSimulator.ActiveCfg = Release|Any CPU
		{09E12477-CBCB-4AE8-8EEC-B323303C81A8}.Release|iPhoneSimulator.Build.0 = Release|Any CPU
		{09E12477-CBCB-4AE8-8EEC-B323303C81A8}.Release|iPhoneSimulator.Deploy.0 = Release|Any CPU
		{09E12477-CBCB-4AE8-8EEC-B323303C81A8}.Release|x64.ActiveCfg = Release|Any CPU
		{09E12477-CBCB-4AE8-8EEC-B323303C81A8}.Release|x64.Build.0 = Release|Any CPU
		{09E12477-CBCB-4AE8-8EEC-B323303C81A8}.Release|x64.Deploy.0 = Release|Any CPU
		{09E12477-CBCB-4AE8-8EEC-B323303C81A8}.Release|x86.ActiveCfg = Release|Any CPU
		{09E12477-CBCB-4AE8-8EEC-B323303C81A8}.Release|x86.Build.0 = Release|Any CPU
		{09E12477-CBCB-4AE8-8EEC-B323303C81A8}.Release|x86.Deploy.0 = Release|Any CPU
		{C9688836-6FE7-408A-BBEE-E7417A92B7E9}.Debug|Any CPU.ActiveCfg = Debug|iPhoneSimulator
		{C9688836-6FE7-408A-BBEE-E7417A92B7E9}.Debug|Any CPU.Build.0 = Debug|iPhoneSimulator
		{C9688836-6FE7-408A-BBEE-E7417A92B7E9}.Debug|Any CPU.Deploy.0 = Debug|iPhoneSimulator
		{C9688836-6FE7-408A-BBEE-E7417A92B7E9}.Debug|ARM.ActiveCfg = Debug|iPhoneSimulator
		{C9688836-6FE7-408A-BBEE-E7417A92B7E9}.Debug|ARM.Build.0 = Debug|iPhoneSimulator
		{C9688836-6FE7-408A-BBEE-E7417A92B7E9}.Debug|ARM.Deploy.0 = Debug|iPhoneSimulator
		{C9688836-6FE7-408A-BBEE-E7417A92B7E9}.Debug|iPhone.ActiveCfg = Debug|iPhone
		{C9688836-6FE7-408A-BBEE-E7417A92B7E9}.Debug|iPhone.Build.0 = Debug|iPhone
		{C9688836-6FE7-408A-BBEE-E7417A92B7E9}.Debug|iPhone.Deploy.0 = Debug|iPhone
		{C9688836-6FE7-408A-BBEE-E7417A92B7E9}.Debug|iPhoneSimulator.ActiveCfg = Debug|iPhoneSimulator
		{C9688836-6FE7-408A-BBEE-E7417A92B7E9}.Debug|iPhoneSimulator.Build.0 = Debug|iPhoneSimulator
		{C9688836-6FE7-408A-BBEE-E7417A92B7E9}.Debug|iPhoneSimulator.Deploy.0 = Debug|iPhoneSimulator
		{C9688836-6FE7-408A-BBEE-E7417A92B7E9}.Debug|x64.ActiveCfg = Debug|iPhone
		{C9688836-6FE7-408A-BBEE-E7417A92B7E9}.Debug|x64.Build.0 = Debug|iPhone
		{C9688836-6FE7-408A-BBEE-E7417A92B7E9}.Debug|x64.Deploy.0 = Debug|iPhone
		{C9688836-6FE7-408A-BBEE-E7417A92B7E9}.Debug|x86.ActiveCfg = Debug|iPhoneSimulator
		{C9688836-6FE7-408A-BBEE-E7417A92B7E9}.Debug|x86.Build.0 = Debug|iPhoneSimulator
		{C9688836-6FE7-408A-BBEE-E7417A92B7E9}.Debug|x86.Deploy.0 = Debug|iPhoneSimulator
		{C9688836-6FE7-408A-BBEE-E7417A92B7E9}.Release|Any CPU.ActiveCfg = Release|iPhoneSimulator
		{C9688836-6FE7-408A-BBEE-E7417A92B7E9}.Release|Any CPU.Build.0 = Release|iPhoneSimulator
		{C9688836-6FE7-408A-BBEE-E7417A92B7E9}.Release|Any CPU.Deploy.0 = Release|iPhoneSimulator
		{C9688836-6FE7-408A-BBEE-E7417A92B7E9}.Release|ARM.ActiveCfg = Release|iPhoneSimulator
		{C9688836-6FE7-408A-BBEE-E7417A92B7E9}.Release|ARM.Build.0 = Release|iPhoneSimulator
		{C9688836-6FE7-408A-BBEE-E7417A92B7E9}.Release|ARM.Deploy.0 = Release|iPhoneSimulator
		{C9688836-6FE7-408A-BBEE-E7417A92B7E9}.Release|iPhone.ActiveCfg = Release|iPhone
		{C9688836-6FE7-408A-BBEE-E7417A92B7E9}.Release|iPhone.Build.0 = Release|iPhone
		{C9688836-6FE7-408A-BBEE-E7417A92B7E9}.Release|iPhone.Deploy.0 = Release|iPhone
		{C9688836-6FE7-408A-BBEE-E7417A92B7E9}.Release|iPhoneSimulator.ActiveCfg = Release|iPhoneSimulator
		{C9688836-6FE7-408A-BBEE-E7417A92B7E9}.Release|iPhoneSimulator.Build.0 = Release|iPhoneSimulator
		{C9688836-6FE7-408A-BBEE-E7417A92B7E9}.Release|iPhoneSimulator.Deploy.0 = Release|iPhoneSimulator
		{C9688836-6FE7-408A-BBEE-E7417A92B7E9}.Release|x64.ActiveCfg = Release|iPhoneSimulator
		{C9688836-6FE7-408A-BBEE-E7417A92B7E9}.Release|x64.Build.0 = Release|iPhoneSimulator
		{C9688836-6FE7-408A-BBEE-E7417A92B7E9}.Release|x64.Deploy.0 = Release|iPhoneSimulator
		{C9688836-6FE7-408A-BBEE-E7417A92B7E9}.Release|x86.ActiveCfg = Release|iPhoneSimulator
		{C9688836-6FE7-408A-BBEE-E7417A92B7E9}.Release|x86.Build.0 = Release|iPhoneSimulator
		{C9688836-6FE7-408A-BBEE-E7417A92B7E9}.Release|x86.Deploy.0 = Release|iPhoneSimulator
		{F763D21F-1FF5-4E42-AEA0-9E1E506CD7E5}.Debug|Any CPU.ActiveCfg = Debug|Any CPU
		{F763D21F-1FF5-4E42-AEA0-9E1E506CD7E5}.Debug|Any CPU.Build.0 = Debug|Any CPU
		{F763D21F-1FF5-4E42-AEA0-9E1E506CD7E5}.Debug|Any CPU.Deploy.0 = Debug|Any CPU
		{F763D21F-1FF5-4E42-AEA0-9E1E506CD7E5}.Debug|ARM.ActiveCfg = Debug|Any CPU
		{F763D21F-1FF5-4E42-AEA0-9E1E506CD7E5}.Debug|ARM.Build.0 = Debug|Any CPU
		{F763D21F-1FF5-4E42-AEA0-9E1E506CD7E5}.Debug|ARM.Deploy.0 = Debug|Any CPU
		{F763D21F-1FF5-4E42-AEA0-9E1E506CD7E5}.Debug|iPhone.ActiveCfg = Debug|Any CPU
		{F763D21F-1FF5-4E42-AEA0-9E1E506CD7E5}.Debug|iPhone.Build.0 = Debug|Any CPU
		{F763D21F-1FF5-4E42-AEA0-9E1E506CD7E5}.Debug|iPhone.Deploy.0 = Debug|Any CPU
		{F763D21F-1FF5-4E42-AEA0-9E1E506CD7E5}.Debug|iPhoneSimulator.ActiveCfg = Debug|Any CPU
		{F763D21F-1FF5-4E42-AEA0-9E1E506CD7E5}.Debug|iPhoneSimulator.Build.0 = Debug|Any CPU
		{F763D21F-1FF5-4E42-AEA0-9E1E506CD7E5}.Debug|iPhoneSimulator.Deploy.0 = Debug|Any CPU
		{F763D21F-1FF5-4E42-AEA0-9E1E506CD7E5}.Debug|x64.ActiveCfg = Debug|Any CPU
		{F763D21F-1FF5-4E42-AEA0-9E1E506CD7E5}.Debug|x64.Build.0 = Debug|Any CPU
		{F763D21F-1FF5-4E42-AEA0-9E1E506CD7E5}.Debug|x64.Deploy.0 = Debug|Any CPU
		{F763D21F-1FF5-4E42-AEA0-9E1E506CD7E5}.Debug|x86.ActiveCfg = Debug|Any CPU
		{F763D21F-1FF5-4E42-AEA0-9E1E506CD7E5}.Debug|x86.Build.0 = Debug|Any CPU
		{F763D21F-1FF5-4E42-AEA0-9E1E506CD7E5}.Debug|x86.Deploy.0 = Debug|Any CPU
		{F763D21F-1FF5-4E42-AEA0-9E1E506CD7E5}.Release|Any CPU.ActiveCfg = Release|Any CPU
		{F763D21F-1FF5-4E42-AEA0-9E1E506CD7E5}.Release|Any CPU.Build.0 = Release|Any CPU
		{F763D21F-1FF5-4E42-AEA0-9E1E506CD7E5}.Release|Any CPU.Deploy.0 = Release|Any CPU
		{F763D21F-1FF5-4E42-AEA0-9E1E506CD7E5}.Release|ARM.ActiveCfg = Release|Any CPU
		{F763D21F-1FF5-4E42-AEA0-9E1E506CD7E5}.Release|ARM.Build.0 = Release|Any CPU
		{F763D21F-1FF5-4E42-AEA0-9E1E506CD7E5}.Release|ARM.Deploy.0 = Release|Any CPU
		{F763D21F-1FF5-4E42-AEA0-9E1E506CD7E5}.Release|iPhone.ActiveCfg = Release|Any CPU
		{F763D21F-1FF5-4E42-AEA0-9E1E506CD7E5}.Release|iPhone.Build.0 = Release|Any CPU
		{F763D21F-1FF5-4E42-AEA0-9E1E506CD7E5}.Release|iPhone.Deploy.0 = Release|Any CPU
		{F763D21F-1FF5-4E42-AEA0-9E1E506CD7E5}.Release|iPhoneSimulator.ActiveCfg = Release|Any CPU
		{F763D21F-1FF5-4E42-AEA0-9E1E506CD7E5}.Release|iPhoneSimulator.Build.0 = Release|Any CPU
		{F763D21F-1FF5-4E42-AEA0-9E1E506CD7E5}.Release|iPhoneSimulator.Deploy.0 = Release|Any CPU
		{F763D21F-1FF5-4E42-AEA0-9E1E506CD7E5}.Release|x64.ActiveCfg = Release|Any CPU
		{F763D21F-1FF5-4E42-AEA0-9E1E506CD7E5}.Release|x64.Build.0 = Release|Any CPU
		{F763D21F-1FF5-4E42-AEA0-9E1E506CD7E5}.Release|x64.Deploy.0 = Release|Any CPU
		{F763D21F-1FF5-4E42-AEA0-9E1E506CD7E5}.Release|x86.ActiveCfg = Release|Any CPU
		{F763D21F-1FF5-4E42-AEA0-9E1E506CD7E5}.Release|x86.Build.0 = Release|Any CPU
		{F763D21F-1FF5-4E42-AEA0-9E1E506CD7E5}.Release|x86.Deploy.0 = Release|Any CPU
	EndGlobalSection
	GlobalSection(SolutionProperties) = preSolution
		HideSolutionNode = FALSE
	EndGlobalSection
	GlobalSection(ExtensibilityGlobals) = postSolution
		SolutionGuid = {9B50BAB1-CF0C-4F87-B7F6-97D6961E56C1}
	EndGlobalSection
EndGlobal
